
Microsoft Visual Studio Solution File, Format Version 12.00
# Visual Studio Version 17
VisualStudioVersion = 17.2.32630.192
MinimumVisualStudioVersion = 10.0.40219.1
Project("{9A19103F-16F7-4668-BE54-9A1E7A4F7556}") = "R5T.T0234.Construction", "R5T.T0234.Construction\R5T.T0234.Construction.csproj", "{3B5539C7-DC08-47BC-BC03-E2E62E5C0C1D}"
EndProject
Project("{9A19103F-16F7-4668-BE54-9A1E7A4F7556}") = "R5T.T0234", "R5T.T0234\R5T.T0234.csproj", "{3D135E54-7F1F-4BA9-A80D-3D6FBF53A702}"
EndProject
Project("{2150E333-8FDC-42A3-9474-1A3956D46DE8}") = "_Dependencies", "_Dependencies", "{10C560E8-1B52-43E1-919D-F929F7D85FB1}"
EndProject
Project("{9A19103F-16F7-4668-BE54-9A1E7A4F7556}") = "R5T.T0142", "..\..\R5T.T0142\source\R5T.T0142\R5T.T0142.csproj", "{4582DF6D-9AA2-4B1F-A121-54815F2287F6}"
EndProject
Project("{9A19103F-16F7-4668-BE54-9A1E7A4F7556}") = "R5T.T0143", "..\..\R5T.T0143\source\R5T.T0143\R5T.T0143.csproj", "{5EBAAC92-C9A8-45DE-8C58-B3F1CB106D3D}"
EndProject
Project("{9A19103F-16F7-4668-BE54-9A1E7A4F7556}") = "R5T.T0240", "..\..\R5T.T0240\source\R5T.T0240\R5T.T0240.csproj", "{E5F757DA-129A-4AB3-8F87-AD63DD3ED13B}"
EndProject
Global
	GlobalSection(NestedProjects) = preSolution
		{4582DF6D-9AA2-4B1F-A121-54815F2287F6} = {10C560E8-1B52-43E1-919D-F929F7D85FB1}
		{5EBAAC92-C9A8-45DE-8C58-B3F1CB106D3D} = {10C560E8-1B52-43E1-919D-F929F7D85FB1}
		{E5F757DA-129A-4AB3-8F87-AD63DD3ED13B} = {10C560E8-1B52-43E1-919D-F929F7D85FB1}
	EndGlobalSection
	GlobalSection(SolutionConfigurationPlatforms) = preSolution
		Debug|Any CPU = Debug|Any CPU
		Release|Any CPU = Release|Any CPU
	EndGlobalSection
	GlobalSection(ProjectConfigurationPlatforms) = postSolution
		{3B5539C7-DC08-47BC-BC03-E2E62E5C0C1D}.Debug|Any CPU.ActiveCfg = Debug|Any CPU
		{3B5539C7-DC08-47BC-BC03-E2E62E5C0C1D}.Debug|Any CPU.Build.0 = Debug|Any CPU
		{3B5539C7-DC08-47BC-BC03-E2E62E5C0C1D}.Release|Any CPU.ActiveCfg = Release|Any CPU
		{3B5539C7-DC08-47BC-BC03-E2E62E5C0C1D}.Release|Any CPU.Build.0 = Release|Any CPU
		{3D135E54-7F1F-4BA9-A80D-3D6FBF53A702}.Debug|Any CPU.ActiveCfg = Debug|Any CPU
		{3D135E54-7F1F-4BA9-A80D-3D6FBF53A702}.Debug|Any CPU.Build.0 = Debug|Any CPU
		{3D135E54-7F1F-4BA9-A80D-3D6FBF53A702}.Release|Any CPU.ActiveCfg = Release|Any CPU
		{3D135E54-7F1F-4BA9-A80D-3D6FBF53A702}.Release|Any CPU.Build.0 = Release|Any CPU
		{4582DF6D-9AA2-4B1F-A121-54815F2287F6}.Debug|Any CPU.ActiveCfg = Debug|Any CPU
		{4582DF6D-9AA2-4B1F-A121-54815F2287F6}.Debug|Any CPU.Build.0 = Debug|Any CPU
		{4582DF6D-9AA2-4B1F-A121-54815F2287F6}.Release|Any CPU.ActiveCfg = Release|Any CPU
		{4582DF6D-9AA2-4B1F-A121-54815F2287F6}.Release|Any CPU.Build.0 = Release|Any CPU
		{5EBAAC92-C9A8-45DE-8C58-B3F1CB106D3D}.Debug|Any CPU.ActiveCfg = Debug|Any CPU
		{5EBAAC92-C9A8-45DE-8C58-B3F1CB106D3D}.Debug|Any CPU.Build.0 = Debug|Any CPU
		{5EBAAC92-C9A8-45DE-8C58-B3F1CB106D3D}.Release|Any CPU.ActiveCfg = Release|Any CPU
		{5EBAAC92-C9A8-45DE-8C58-B3F1CB106D3D}.Release|Any CPU.Build.0 = Release|Any CPU
		{E5F757DA-129A-4AB3-8F87-AD63DD3ED13B}.Debug|Any CPU.ActiveCfg = Debug|Any CPU
		{E5F757DA-129A-4AB3-8F87-AD63DD3ED13B}.Debug|Any CPU.Build.0 = Debug|Any CPU
		{E5F757DA-129A-4AB3-8F87-AD63DD3ED13B}.Release|Any CPU.ActiveCfg = Release|Any CPU
		{E5F757DA-129A-4AB3-8F87-AD63DD3ED13B}.Release|Any CPU.Build.0 = Release|Any CPU
	EndGlobalSection
	GlobalSection(SolutionProperties) = preSolution
		HideSolutionNode = FALSE
	EndGlobalSection
	GlobalSection(ExtensibilityGlobals) = postSolution
		SolutionGuid = {94D674F7-CDD7-401E-8CE4-B4AA0CDA5324}
	EndGlobalSection
EndGlobal
