
Microsoft Visual Studio Solution File, Format Version 12.00
# Visual Studio Version 17
VisualStudioVersion = 17.2.32630.192
MinimumVisualStudioVersion = 10.0.40219.1
Project("{9A19103F-16F7-4668-BE54-9A1E7A4F7556}") = "R5T.T0234", "R5T.T0234\R5T.T0234.csproj", "{683A87A1-2E61-48A1-AA56-4F603F5972CB}"
EndProject
Project("{2150E333-8FDC-42A3-9474-1A3956D46DE8}") = "_Dependencies", "_Dependencies", "{AD3DED22-B809-4AA6-9A27-96DFE85EA6D6}"
EndProject
Project("{9A19103F-16F7-4668-BE54-9A1E7A4F7556}") = "R5T.T0142", "..\..\R5T.T0142\source\R5T.T0142\R5T.T0142.csproj", "{F652CF0E-A07A-4CD1-AE4C-E18E5EC5579A}"
EndProject
Project("{9A19103F-16F7-4668-BE54-9A1E7A4F7556}") = "R5T.T0143", "..\..\R5T.T0143\source\R5T.T0143\R5T.T0143.csproj", "{EB37D166-C6B0-4AF7-AE20-78224173AD1C}"
EndProject
Project("{9A19103F-16F7-4668-BE54-9A1E7A4F7556}") = "R5T.T0240", "..\..\R5T.T0240\source\R5T.T0240\R5T.T0240.csproj", "{CFAD0C49-07EF-4F80-9360-0F0710C5964A}"
EndProject
Global
	GlobalSection(NestedProjects) = preSolution
		{F652CF0E-A07A-4CD1-AE4C-E18E5EC5579A} = {AD3DED22-B809-4AA6-9A27-96DFE85EA6D6}
		{EB37D166-C6B0-4AF7-AE20-78224173AD1C} = {AD3DED22-B809-4AA6-9A27-96DFE85EA6D6}
		{CFAD0C49-07EF-4F80-9360-0F0710C5964A} = {AD3DED22-B809-4AA6-9A27-96DFE85EA6D6}
	EndGlobalSection
	GlobalSection(SolutionConfigurationPlatforms) = preSolution
		Debug|Any CPU = Debug|Any CPU
		Release|Any CPU = Release|Any CPU
	EndGlobalSection
	GlobalSection(ProjectConfigurationPlatforms) = postSolution
		{683A87A1-2E61-48A1-AA56-4F603F5972CB}.Debug|Any CPU.ActiveCfg = Debug|Any CPU
		{683A87A1-2E61-48A1-AA56-4F603F5972CB}.Debug|Any CPU.Build.0 = Debug|Any CPU
		{683A87A1-2E61-48A1-AA56-4F603F5972CB}.Release|Any CPU.ActiveCfg = Release|Any CPU
		{683A87A1-2E61-48A1-AA56-4F603F5972CB}.Release|Any CPU.Build.0 = Release|Any CPU
		{F652CF0E-A07A-4CD1-AE4C-E18E5EC5579A}.Debug|Any CPU.ActiveCfg = Debug|Any CPU
		{F652CF0E-A07A-4CD1-AE4C-E18E5EC5579A}.Debug|Any CPU.Build.0 = Debug|Any CPU
		{F652CF0E-A07A-4CD1-AE4C-E18E5EC5579A}.Release|Any CPU.ActiveCfg = Release|Any CPU
		{F652CF0E-A07A-4CD1-AE4C-E18E5EC5579A}.Release|Any CPU.Build.0 = Release|Any CPU
		{EB37D166-C6B0-4AF7-AE20-78224173AD1C}.Debug|Any CPU.ActiveCfg = Debug|Any CPU
		{EB37D166-C6B0-4AF7-AE20-78224173AD1C}.Debug|Any CPU.Build.0 = Debug|Any CPU
		{EB37D166-C6B0-4AF7-AE20-78224173AD1C}.Release|Any CPU.ActiveCfg = Release|Any CPU
		{EB37D166-C6B0-4AF7-AE20-78224173AD1C}.Release|Any CPU.Build.0 = Release|Any CPU
		{CFAD0C49-07EF-4F80-9360-0F0710C5964A}.Debug|Any CPU.ActiveCfg = Debug|Any CPU
		{CFAD0C49-07EF-4F80-9360-0F0710C5964A}.Debug|Any CPU.Build.0 = Debug|Any CPU
		{CFAD0C49-07EF-4F80-9360-0F0710C5964A}.Release|Any CPU.ActiveCfg = Release|Any CPU
		{CFAD0C49-07EF-4F80-9360-0F0710C5964A}.Release|Any CPU.Build.0 = Release|Any CPU
	EndGlobalSection
	GlobalSection(SolutionProperties) = preSolution
		HideSolutionNode = FALSE
	EndGlobalSection
	GlobalSection(ExtensibilityGlobals) = postSolution
		SolutionGuid = {881868E7-C4BA-4A17-917F-15C4ADB24FFC}
	EndGlobalSection
EndGlobal
